
Microsoft Visual Studio Solution File, Format Version 12.00
# Visual Studio Version 16
VisualStudioVersion = 16.0.31729.503
MinimumVisualStudioVersion = 10.0.40219.1
Project("{FAE04EC0-301F-11D3-BF4B-00C04F79EFBC}") = "appRayConsola", "appRayConsola\appRayConsola.csproj", "{0B495ADD-F5FB-463D-BC7C-188F49225B86}"
EndProject
Global
	GlobalSection(SolutionConfigurationPlatforms) = preSolution
		Debug|Any CPU = Debug|Any CPU
		Release|Any CPU = Release|Any CPU
	EndGlobalSection
	GlobalSection(ProjectConfigurationPlatforms) = postSolution
		{0B495ADD-F5FB-463D-BC7C-188F49225B86}.Debug|Any CPU.ActiveCfg = Debug|Any CPU
		{0B495ADD-F5FB-463D-BC7C-188F49225B86}.Debug|Any CPU.Build.0 = Debug|Any CPU
		{0B495ADD-F5FB-463D-BC7C-188F49225B86}.Release|Any CPU.ActiveCfg = Release|Any CPU
		{0B495ADD-F5FB-463D-BC7C-188F49225B86}.Release|Any CPU.Build.0 = Release|Any CPU
	EndGlobalSection
	GlobalSection(SolutionProperties) = preSolution
		HideSolutionNode = FALSE
	EndGlobalSection
	GlobalSection(ExtensibilityGlobals) = postSolution
		SolutionGuid = {52259476-CBB7-4CBF-92C5-0F370BDAAFAB}
	EndGlobalSection
EndGlobal
